
Microsoft Visual Studio Solution File, Format Version 12.00
# Visual Studio 15
VisualStudioVersion = 15.0.26730.16
MinimumVisualStudioVersion = 10.0.40219.1
Project("{FAE04EC0-301F-11D3-BF4B-00C04F79EFBC}") = "ClockinMirror", "ClockinMirror\ClockinMirror.csproj", "{117F3229-36A6-40AC-90A5-5D6DF188FC6D}"
EndProject
Global
	GlobalSection(SolutionConfigurationPlatforms) = preSolution
		Debug|Any CPU = Debug|Any CPU
		Release|Any CPU = Release|Any CPU
	EndGlobalSection
	GlobalSection(ProjectConfigurationPlatforms) = postSolution
		{117F3229-36A6-40AC-90A5-5D6DF188FC6D}.Debug|Any CPU.ActiveCfg = Debug|Any CPU
		{117F3229-36A6-40AC-90A5-5D6DF188FC6D}.Debug|Any CPU.Build.0 = Debug|Any CPU
		{117F3229-36A6-40AC-90A5-5D6DF188FC6D}.Release|Any CPU.ActiveCfg = Release|Any CPU
		{117F3229-36A6-40AC-90A5-5D6DF188FC6D}.Release|Any CPU.Build.0 = Release|Any CPU
	EndGlobalSection
	GlobalSection(SolutionProperties) = preSolution
		HideSolutionNode = FALSE
	EndGlobalSection
	GlobalSection(ExtensibilityGlobals) = postSolution
		SolutionGuid = {BD7AB8AA-2277-4B2D-AEA2-468129F2109B}
	EndGlobalSection
EndGlobal
